<?xml version="1.0" encoding="utf-8"?>
<Project ToolsVersion="4.0" xmlns="http://schemas.microsoft.com/developer/msbuild/2003">
  <ItemGroup>
    <None Include="README.md" />
    <None Include="minesweeper.html" />
    <None Include="Tritech Interview Exercise - Minesweeper.pdf" />
  </ItemGroup>
  <ItemGroup>
    <Filter Include="assets">
      <UniqueIdentifier>{a5ab5762-7abd-4e28-838c-640548c11994}</UniqueIdentifier>
    </Filter>
  </ItemGroup>
  <ItemGroup>
    <Image Include="assets\closed.png">
      <Filter>assets</Filter>
    </Image>
    <Image Include="assets\eight.png">
      <Filter>assets</Filter>
    </Image>
    <Image Include="assets\exploded_bomb.png">
      <Filter>assets</Filter>
    </Image>
    <Image Include="assets\five.png">
      <Filter>assets</Filter>
    </Image>
    <Image Include="assets\flagged_bomb.png">
      <Filter>assets</Filter>
    </Image>
    <Image Include="assets\four.png">
      <Filter>assets</Filter>
    </Image>
    <Image Include="assets\incorrect_bomb.png">
      <Filter>assets</Filter>
    </Image>
    <Image Include="assets\one.png">
      <Filter>assets</Filter>
    </Image>
    <Image Include="assets\open.png">
      <Filter>assets</Filter>
    </Image>
    <Image Include="assets\revealed_bomb.png">
      <Filter>assets</Filter>
    </Image>
    <Image Include="assets\seven.png">
      <Filter>assets</Filter>
    </Image>
    <Image Include="assets\six.png">
      <Filter>assets</Filter>
    </Image>
    <Image Include="assets\three.png">
      <Filter>assets</Filter>
    </Image>
    <Image Include="assets\two.png">
      <Filter>assets</Filter>
    </Image>
  </ItemGroup>
</Project>